
Microsoft Visual Studio Solution File, Format Version 12.00
# Visual Studio 15
VisualStudioVersion = 15.0.28307.106
MinimumVisualStudioVersion = 10.0.40219.1
Project("{FAE04EC0-301F-11D3-BF4B-00C04F79EFBC}") = "Utf82Sjis", "Utf82Sjis\Utf82Sjis.csproj", "{B2BB1823-6B1B-4D76-B844-6F6116BC8F4F}"
EndProject
Global
	GlobalSection(SolutionConfigurationPlatforms) = preSolution
		Debug|Any CPU = Debug|Any CPU
		Release|Any CPU = Release|Any CPU
	EndGlobalSection
	GlobalSection(ProjectConfigurationPlatforms) = postSolution
		{B2BB1823-6B1B-4D76-B844-6F6116BC8F4F}.Debug|Any CPU.ActiveCfg = Debug|Any CPU
		{B2BB1823-6B1B-4D76-B844-6F6116BC8F4F}.Debug|Any CPU.Build.0 = Debug|Any CPU
		{B2BB1823-6B1B-4D76-B844-6F6116BC8F4F}.Release|Any CPU.ActiveCfg = Release|Any CPU
		{B2BB1823-6B1B-4D76-B844-6F6116BC8F4F}.Release|Any CPU.Build.0 = Release|Any CPU
	EndGlobalSection
	GlobalSection(SolutionProperties) = preSolution
		HideSolutionNode = FALSE
	EndGlobalSection
	GlobalSection(ExtensibilityGlobals) = postSolution
		SolutionGuid = {81A278C7-AB83-4CD0-B1ED-81D0832BA092}
	EndGlobalSection
EndGlobal
